Microsoft Visual Studio Solution File, Format Version 12.00
# Visual Studio Version 17
VisualStudioVersion = 17.5.2.0
MinimumVisualStudioVersion = 10.0.40219.1
Project("{FAE04EC0-301F-11D3-BF4B-00C04F79EFBC}") = "EbayAutomationService", "EbayAutomationService.csproj", "{2371816B-FA40-F587-8B12-8E719483231C}"
EndProject
Global
	GlobalSection(SolutionConfigurationPlatforms) = preSolution
		Debug|Any CPU = Debug|Any CPU
		Release|Any CPU = Release|Any CPU
	EndGlobalSection
	GlobalSection(ProjectConfigurationPlatforms) = postSolution
		{2371816B-FA40-F587-8B12-8E719483231C}.Debug|Any CPU.ActiveCfg = Debug|Any CPU
		{2371816B-FA40-F587-8B12-8E719483231C}.Debug|Any CPU.Build.0 = Debug|Any CPU
		{2371816B-FA40-F587-8B12-8E719483231C}.Release|Any CPU.ActiveCfg = Release|Any CPU
		{2371816B-FA40-F587-8B12-8E719483231C}.Release|Any CPU.Build.0 = Release|Any CPU
	EndGlobalSection
	GlobalSection(SolutionProperties) = preSolution
		HideSolutionNode = FALSE
	EndGlobalSection
	GlobalSection(ExtensibilityGlobals) = postSolution
		SolutionGuid = {8BF366F1-F21C-4DC5-B8DA-02B792AEDD6F}
	EndGlobalSection
EndGlobal
